
Microsoft Visual Studio Solution File, Format Version 12.00
# Visual Studio Version 17
VisualStudioVersion = 17.2.32602.215
MinimumVisualStudioVersion = 10.0.40219.1
Project("{FAE04EC0-301F-11D3-BF4B-00C04F79EFBC}") = "PiKitchen.UI", "PiKitchen.UI\PiKitchen.UI.csproj", "{36FE8964-96B0-48B0-BB61-B81E59F6E60F}"
EndProject
Project("{FAE04EC0-301F-11D3-BF4B-00C04F79EFBC}") = "PiKitchen.Bl", "PiKitchen.Bl\PiKitchen.Bl.csproj", "{42871613-BB93-40C5-9119-8C512AD0B0CA}"
EndProject
Project("{FAE04EC0-301F-11D3-BF4B-00C04F79EFBC}") = "PiKitchen.Dal", "PiKitchen.Dal\PiKitchen.Dal.csproj", "{6104E560-16BE-41F3-ACD7-0984C33B61B2}"
EndProject
Global
	GlobalSection(SolutionConfigurationPlatforms) = preSolution
		Debug|Any CPU = Debug|Any CPU
		Release|Any CPU = Release|Any CPU
	EndGlobalSection
	GlobalSection(ProjectConfigurationPlatforms) = postSolution
		{36FE8964-96B0-48B0-BB61-B81E59F6E60F}.Debug|Any CPU.ActiveCfg = Debug|Any CPU
		{36FE8964-96B0-48B0-BB61-B81E59F6E60F}.Debug|Any CPU.Build.0 = Debug|Any CPU
		{36FE8964-96B0-48B0-BB61-B81E59F6E60F}.Release|Any CPU.ActiveCfg = Release|Any CPU
		{36FE8964-96B0-48B0-BB61-B81E59F6E60F}.Release|Any CPU.Build.0 = Release|Any CPU
		{42871613-BB93-40C5-9119-8C512AD0B0CA}.Debug|Any CPU.ActiveCfg = Debug|Any CPU
		{42871613-BB93-40C5-9119-8C512AD0B0CA}.Debug|Any CPU.Build.0 = Debug|Any CPU
		{42871613-BB93-40C5-9119-8C512AD0B0CA}.Release|Any CPU.ActiveCfg = Release|Any CPU
		{42871613-BB93-40C5-9119-8C512AD0B0CA}.Release|Any CPU.Build.0 = Release|Any CPU
		{6104E560-16BE-41F3-ACD7-0984C33B61B2}.Debug|Any CPU.ActiveCfg = Debug|Any CPU
		{6104E560-16BE-41F3-ACD7-0984C33B61B2}.Debug|Any CPU.Build.0 = Debug|Any CPU
		{6104E560-16BE-41F3-ACD7-0984C33B61B2}.Release|Any CPU.ActiveCfg = Release|Any CPU
		{6104E560-16BE-41F3-ACD7-0984C33B61B2}.Release|Any CPU.Build.0 = Release|Any CPU
	EndGlobalSection
	GlobalSection(SolutionProperties) = preSolution
		HideSolutionNode = FALSE
	EndGlobalSection
	GlobalSection(ExtensibilityGlobals) = postSolution
		SolutionGuid = {44496ABF-ED39-497D-B2A5-3AE2458BA525}
	EndGlobalSection
EndGlobal
